Microsoft Visual Studio Solution File, Format Version 11.00
# Visual Studio 2008

Project("{B22B963B-7413-DA5C-DCA3-93BE2D15F102}") = "beginner", "Assembly-CSharp.csproj", "{450513DF-69C6-3A85-03A2-EC3CD7EE68BE}"
EndProject
Global
	GlobalSection(SolutionConfigurationPlatforms) = preSolution
		Debug|Any CPU = Debug|Any CPU
		Release|Any CPU = Release|Any CPU
	EndGlobalSection
	GlobalSection(ProjectConfigurationPlatforms) = postSolution
		{450513DF-69C6-3A85-03A2-EC3CD7EE68BE}.Debug|Any CPU.ActiveCfg = Debug|Any CPU
		{450513DF-69C6-3A85-03A2-EC3CD7EE68BE}.Debug|Any CPU.Build.0 = Debug|Any CPU
		{450513DF-69C6-3A85-03A2-EC3CD7EE68BE}.Release|Any CPU.ActiveCfg = Release|Any CPU
		{450513DF-69C6-3A85-03A2-EC3CD7EE68BE}.Release|Any CPU.Build.0 = Release|Any CPU
	EndGlobalSection
	GlobalSection(SolutionProperties) = preSolution
		HideSolutionNode = FALSE
	EndGlobalSection
	GlobalSection(MonoDevelopProperties) = preSolution
		StartupItem = Assembly-CSharp.csproj
	EndGlobalSection
EndGlobal
